click==8.4.2 \
    --hash=sha256:e6f9f66136c816745b9d65817da91d61d957fb16e02e4dcd0552553c5a197b76
coverage==7.10.7 \
    --hash=sha256:99e4aa63097ab1118e75a848a28e40d68b08a5e19ce587891ab7fd04475e780f
iniconfig==2.3.0 \
    --hash=sha256:f631c04d2c48c52b84d0d0549c99ff3859c98df65b3101406327ecc7d53fbf12
libcst==1.8.6 \
    --hash=sha256:04030ea4d39d69a65873b1d4d877def1c3951a7ada1824242539e399b8763d30
linkify-it-py==2.1.0 \
    --hash=sha256:0d252c1594ecba2ecedc444053db5d3a9b7ec1b0dd929c8f1d74dce89f86c05e
markdown-it-py==4.2.0 \
    --hash=sha256:9f7ebbcd14fe59494226453aed97c1070d83f8d24b6fc3a3bcf9a38092641c4a
mdit-py-plugins==0.6.1 \
    --hash=sha256:214c82fb2ac524472ab6a5bcab1de80f73b50443e187f401bfd77efbc7c6481d
mdurl==0.1.2 \
    --hash=sha256:84008a41e51615a49fc9966191ff91509e3c40b939176e643fd50a5c2196b8f8
mutmut==3.6.0 \
    --hash=sha256:a9f5b8dcf6cbf9496769d7cf8bdbba37a0ec709ad98f88d103238b62f10bdf37
packaging==26.2 \
    --hash=sha256:5fc45236b9446107ff2415ce77c807cee2862cb6fac22b8a73826d0693b0980e
platformdirs==4.10.0 \
    --hash=sha256:fb516cdb12eb0d857d0cd85a7c57cea4d060bee4578d6cf5a14dfdf8cbf8784a
pluggy==1.6.0 \
    --hash=sha256:e920276dd6813095e9377c0bc5566d94c932c33b27a3e3945d8389c374dd4746
pygments==2.20.0 \
    --hash=sha256:81a9e26dd42fd28a23a2d169d86d7ac03b46e2f8b59ed4698fb4785f946d0176
pytest==8.3.3 \
    --hash=sha256:a6853c7375b2663155079443d2e45de913a911a11d669df02a50814944db57b2
pyyaml-ft==8.0.0 \
    --hash=sha256:7d10175a746be65f6feb86224df5d6bc5c049ebf52b89a88cf1cd78af5a367a8
rich==15.0.0 \
    --hash=sha256:33bd4ef74232fb73fe9279a257718407f169c09b78a87ad3d296f548e27de0bb
setproctitle==1.3.7 \
    --hash=sha256:047138279f9463f06b858e579cc79580fbf7a04554d24e6bddf8fe5dddbe3d4c
textual==8.2.8 \
    --hash=sha256:267375fd402dc8d981457212efa71f0e3365fd17bba144ba9bb3ed7563cb374a
typing-extensions==4.16.0 \
    --hash=sha256:481caa481374e813c1b176ada14e97f1f67a4539ce9cfeb3f350d78d6370c2e8
uc-micro-py==2.0.0 \
    --hash=sha256:3603a3859af53e5a39bc7677713c78ea6589ff188d70f4fee165db88e22b242c
