pytest==8.3.3 \
    --hash=sha256:a6853c7375b2663155079443d2e45de913a911a11d669df02a50814944db57b2
iniconfig==2.1.0 \
    --hash=sha256:9deba5723312380e77435581c6bf4935c94cbfab9b1ed33ef8d238ea168eb760
packaging==25.0 \
    --hash=sha256:29572ef2b1f17581046b3a2227d5c611fb25ec70ca1ba8554b24b0e69331a484
pluggy==1.6.0 \
    --hash=sha256:e920276dd6813095e9377c0bc5566d94c932c33b27a3e3945d8389c374dd4746
